
Microsoft Visual Studio Solution File, Format Version 12.00
Project("{2150E333-8FDC-42A3-9474-1A3956D46DE8}") = "Sort", "Sort", "{107964CF-9E9F-4BA5-9181-21BAC16A3F78}"
EndProject
Project("{2150E333-8FDC-42A3-9474-1A3956D46DE8}") = "HeapSort", "HeapSort", "{3652D266-0CBA-4DC5-86DA-E2CCAC7C2C78}"
EndProject
Project("{FAE04EC0-301F-11D3-BF4B-00C04F79EFBC}") = "HeapSort", "HeapSort\HeapSort.csproj", "{00D60C5B-64A5-43F0-97B0-0BE3B2FB0786}"
EndProject
Project("{FAE04EC0-301F-11D3-BF4B-00C04F79EFBC}") = "HeapSort.Test", "HeapSort.Test\HeapSort.Test.csproj", "{FD78CC7F-BE2C-402C-9AB8-4C941D678F88}"
EndProject
Project("{2150E333-8FDC-42A3-9474-1A3956D46DE8}") = "CountingSort", "CountingSort", "{4FBBC27D-E65D-40A0-B138-8D4ACF8FB9A4}"
EndProject
Project("{FAE04EC0-301F-11D3-BF4B-00C04F79EFBC}") = "CountingSort.Tests", "CountingSort.Tests\CountingSort.Tests.csproj", "{6D560C40-987E-46BC-923F-E6D5E1F99987}"
EndProject
Project("{FAE04EC0-301F-11D3-BF4B-00C04F79EFBC}") = "CountingSort", "CountingSort\CountingSort.csproj", "{BB2C91B2-5F73-459D-B557-BE1048D0C797}"
EndProject
Global
	GlobalSection(SolutionConfigurationPlatforms) = preSolution
		Debug|Any CPU = Debug|Any CPU
		Release|Any CPU = Release|Any CPU
	EndGlobalSection
	GlobalSection(ProjectConfigurationPlatforms) = postSolution
		{00D60C5B-64A5-43F0-97B0-0BE3B2FB0786}.Debug|Any CPU.ActiveCfg = Debug|Any CPU
		{00D60C5B-64A5-43F0-97B0-0BE3B2FB0786}.Debug|Any CPU.Build.0 = Debug|Any CPU
		{00D60C5B-64A5-43F0-97B0-0BE3B2FB0786}.Release|Any CPU.ActiveCfg = Release|Any CPU
		{00D60C5B-64A5-43F0-97B0-0BE3B2FB0786}.Release|Any CPU.Build.0 = Release|Any CPU
		{FD78CC7F-BE2C-402C-9AB8-4C941D678F88}.Debug|Any CPU.ActiveCfg = Debug|Any CPU
		{FD78CC7F-BE2C-402C-9AB8-4C941D678F88}.Debug|Any CPU.Build.0 = Debug|Any CPU
		{FD78CC7F-BE2C-402C-9AB8-4C941D678F88}.Release|Any CPU.ActiveCfg = Release|Any CPU
		{FD78CC7F-BE2C-402C-9AB8-4C941D678F88}.Release|Any CPU.Build.0 = Release|Any CPU
		{6D560C40-987E-46BC-923F-E6D5E1F99987}.Debug|Any CPU.ActiveCfg = Debug|Any CPU
		{6D560C40-987E-46BC-923F-E6D5E1F99987}.Debug|Any CPU.Build.0 = Debug|Any CPU
		{6D560C40-987E-46BC-923F-E6D5E1F99987}.Release|Any CPU.ActiveCfg = Release|Any CPU
		{6D560C40-987E-46BC-923F-E6D5E1F99987}.Release|Any CPU.Build.0 = Release|Any CPU
		{BB2C91B2-5F73-459D-B557-BE1048D0C797}.Debug|Any CPU.ActiveCfg = Debug|Any CPU
		{BB2C91B2-5F73-459D-B557-BE1048D0C797}.Debug|Any CPU.Build.0 = Debug|Any CPU
		{BB2C91B2-5F73-459D-B557-BE1048D0C797}.Release|Any CPU.ActiveCfg = Release|Any CPU
		{BB2C91B2-5F73-459D-B557-BE1048D0C797}.Release|Any CPU.Build.0 = Release|Any CPU
	EndGlobalSection
	GlobalSection(NestedProjects) = preSolution
		{3652D266-0CBA-4DC5-86DA-E2CCAC7C2C78} = {107964CF-9E9F-4BA5-9181-21BAC16A3F78}
		{00D60C5B-64A5-43F0-97B0-0BE3B2FB0786} = {3652D266-0CBA-4DC5-86DA-E2CCAC7C2C78}
		{FD78CC7F-BE2C-402C-9AB8-4C941D678F88} = {3652D266-0CBA-4DC5-86DA-E2CCAC7C2C78}
		{4FBBC27D-E65D-40A0-B138-8D4ACF8FB9A4} = {107964CF-9E9F-4BA5-9181-21BAC16A3F78}
		{6D560C40-987E-46BC-923F-E6D5E1F99987} = {4FBBC27D-E65D-40A0-B138-8D4ACF8FB9A4}
		{BB2C91B2-5F73-459D-B557-BE1048D0C797} = {4FBBC27D-E65D-40A0-B138-8D4ACF8FB9A4}
	EndGlobalSection
EndGlobal
