
Microsoft Visual Studio Solution File, Format Version 12.00
Project("{2150E333-8FDC-42A3-9474-1A3956D46DE8}") = "Sort", "Sort", "{107964CF-9E9F-4BA5-9181-21BAC16A3F78}"
EndProject
Project("{2150E333-8FDC-42A3-9474-1A3956D46DE8}") = "HeapSort", "HeapSort", "{3652D266-0CBA-4DC5-86DA-E2CCAC7C2C78}"
EndProject
Project("{FAE04EC0-301F-11D3-BF4B-00C04F79EFBC}") = "HeapSort", "HeapSort\HeapSort.csproj", "{00D60C5B-64A5-43F0-97B0-0BE3B2FB0786}"
EndProject
Project("{FAE04EC0-301F-11D3-BF4B-00C04F79EFBC}") = "HeapSort.Test", "HeapSort.Test\HeapSort.Test.csproj", "{FD78CC7F-BE2C-402C-9AB8-4C941D678F88}"
EndProject
Project("{2150E333-8FDC-42A3-9474-1A3956D46DE8}") = "CountingSort", "CountingSort", "{4FBBC27D-E65D-40A0-B138-8D4ACF8FB9A4}"
EndProject
Project("{FAE04EC0-301F-11D3-BF4B-00C04F79EFBC}") = "CountingSort.Tests", "CountingSort.Tests\CountingSort.Tests.csproj", "{6D560C40-987E-46BC-923F-E6D5E1F99987}"
EndProject
Project("{FAE04EC0-301F-11D3-BF4B-00C04F79EFBC}") = "CountingSort", "CountingSort\CountingSort.csproj", "{BB2C91B2-5F73-459D-B557-BE1048D0C797}"
EndProject
Project("{2150E333-8FDC-42A3-9474-1A3956D46DE8}") = "General", "General", "{E3178ABE-D8C4-46B7-ADB5-40006123D351}"
EndProject
Project("{2150E333-8FDC-42A3-9474-1A3956D46DE8}") = "Strings", "Strings", "{8CA4D50B-79A9-4B4E-873B-F7423B206258}"
EndProject
Project("{2150E333-8FDC-42A3-9474-1A3956D46DE8}") = "LongestPalindrome", "LongestPalindrome", "{1BBA6F7E-103D-49F7-ABDC-FA5D040926D9}"
EndProject
Project("{FAE04EC0-301F-11D3-BF4B-00C04F79EFBC}") = "Manacher", "Manacher\Manacher.csproj", "{08B7F5FC-A69D-41BE-9E74-9D6EEEC70790}"
EndProject
Project("{FAE04EC0-301F-11D3-BF4B-00C04F79EFBC}") = "Manacher.Tests", "Manacher.Tests\Manacher.Tests.csproj", "{BE111B71-7EC5-4C74-A981-D9FF33299FB2}"
EndProject
Project("{2150E333-8FDC-42A3-9474-1A3956D46DE8}") = "Manacher", "Manacher", "{D74CEAAF-4ADE-4963-BC42-1D17B37660A8}"
EndProject
Project("{2150E333-8FDC-42A3-9474-1A3956D46DE8}") = "Graphs", "Graphs", "{EFD2F546-912B-4557-AD2D-1BB8601488E0}"
EndProject
Project("{FAE04EC0-301F-11D3-BF4B-00C04F79EFBC}") = "AdjacencyList", "AdjacencyList\AdjacencyList.csproj", "{0C74A8B9-5095-4628-92C4-498685786DA8}"
EndProject
Project("{2150E333-8FDC-42A3-9474-1A3956D46DE8}") = "AdjacencyList", "AdjacencyList", "{7FD2E8B1-280D-4145-8063-311A7993BC8E}"
EndProject
Project("{FAE04EC0-301F-11D3-BF4B-00C04F79EFBC}") = "AdjacencyList.Tests", "AdjacencyList.Tests\AdjacencyList.Tests.csproj", "{CE70EE9A-D8B0-481B-8FFB-CC699C18A485}"
EndProject
Global
	GlobalSection(SolutionConfigurationPlatforms) = preSolution
		Debug|Any CPU = Debug|Any CPU
		Release|Any CPU = Release|Any CPU
	EndGlobalSection
	GlobalSection(ProjectConfigurationPlatforms) = postSolution
		{00D60C5B-64A5-43F0-97B0-0BE3B2FB0786}.Debug|Any CPU.ActiveCfg = Debug|Any CPU
		{00D60C5B-64A5-43F0-97B0-0BE3B2FB0786}.Debug|Any CPU.Build.0 = Debug|Any CPU
		{00D60C5B-64A5-43F0-97B0-0BE3B2FB0786}.Release|Any CPU.ActiveCfg = Release|Any CPU
		{00D60C5B-64A5-43F0-97B0-0BE3B2FB0786}.Release|Any CPU.Build.0 = Release|Any CPU
		{FD78CC7F-BE2C-402C-9AB8-4C941D678F88}.Debug|Any CPU.ActiveCfg = Debug|Any CPU
		{FD78CC7F-BE2C-402C-9AB8-4C941D678F88}.Debug|Any CPU.Build.0 = Debug|Any CPU
		{FD78CC7F-BE2C-402C-9AB8-4C941D678F88}.Release|Any CPU.ActiveCfg = Release|Any CPU
		{FD78CC7F-BE2C-402C-9AB8-4C941D678F88}.Release|Any CPU.Build.0 = Release|Any CPU
		{6D560C40-987E-46BC-923F-E6D5E1F99987}.Debug|Any CPU.ActiveCfg = Debug|Any CPU
		{6D560C40-987E-46BC-923F-E6D5E1F99987}.Debug|Any CPU.Build.0 = Debug|Any CPU
		{6D560C40-987E-46BC-923F-E6D5E1F99987}.Release|Any CPU.ActiveCfg = Release|Any CPU
		{6D560C40-987E-46BC-923F-E6D5E1F99987}.Release|Any CPU.Build.0 = Release|Any CPU
		{BB2C91B2-5F73-459D-B557-BE1048D0C797}.Debug|Any CPU.ActiveCfg = Debug|Any CPU
		{BB2C91B2-5F73-459D-B557-BE1048D0C797}.Debug|Any CPU.Build.0 = Debug|Any CPU
		{BB2C91B2-5F73-459D-B557-BE1048D0C797}.Release|Any CPU.ActiveCfg = Release|Any CPU
		{BB2C91B2-5F73-459D-B557-BE1048D0C797}.Release|Any CPU.Build.0 = Release|Any CPU
		{08B7F5FC-A69D-41BE-9E74-9D6EEEC70790}.Debug|Any CPU.ActiveCfg = Debug|Any CPU
		{08B7F5FC-A69D-41BE-9E74-9D6EEEC70790}.Debug|Any CPU.Build.0 = Debug|Any CPU
		{08B7F5FC-A69D-41BE-9E74-9D6EEEC70790}.Release|Any CPU.ActiveCfg = Release|Any CPU
		{08B7F5FC-A69D-41BE-9E74-9D6EEEC70790}.Release|Any CPU.Build.0 = Release|Any CPU
		{BE111B71-7EC5-4C74-A981-D9FF33299FB2}.Debug|Any CPU.ActiveCfg = Debug|Any CPU
		{BE111B71-7EC5-4C74-A981-D9FF33299FB2}.Debug|Any CPU.Build.0 = Debug|Any CPU
		{BE111B71-7EC5-4C74-A981-D9FF33299FB2}.Release|Any CPU.ActiveCfg = Release|Any CPU
		{BE111B71-7EC5-4C74-A981-D9FF33299FB2}.Release|Any CPU.Build.0 = Release|Any CPU
		{0C74A8B9-5095-4628-92C4-498685786DA8}.Debug|Any CPU.ActiveCfg = Debug|Any CPU
		{0C74A8B9-5095-4628-92C4-498685786DA8}.Debug|Any CPU.Build.0 = Debug|Any CPU
		{0C74A8B9-5095-4628-92C4-498685786DA8}.Release|Any CPU.ActiveCfg = Release|Any CPU
		{0C74A8B9-5095-4628-92C4-498685786DA8}.Release|Any CPU.Build.0 = Release|Any CPU
		{CE70EE9A-D8B0-481B-8FFB-CC699C18A485}.Debug|Any CPU.ActiveCfg = Debug|Any CPU
		{CE70EE9A-D8B0-481B-8FFB-CC699C18A485}.Debug|Any CPU.Build.0 = Debug|Any CPU
		{CE70EE9A-D8B0-481B-8FFB-CC699C18A485}.Release|Any CPU.ActiveCfg = Release|Any CPU
		{CE70EE9A-D8B0-481B-8FFB-CC699C18A485}.Release|Any CPU.Build.0 = Release|Any CPU
	EndGlobalSection
	GlobalSection(NestedProjects) = preSolution
		{3652D266-0CBA-4DC5-86DA-E2CCAC7C2C78} = {107964CF-9E9F-4BA5-9181-21BAC16A3F78}
		{00D60C5B-64A5-43F0-97B0-0BE3B2FB0786} = {3652D266-0CBA-4DC5-86DA-E2CCAC7C2C78}
		{FD78CC7F-BE2C-402C-9AB8-4C941D678F88} = {3652D266-0CBA-4DC5-86DA-E2CCAC7C2C78}
		{4FBBC27D-E65D-40A0-B138-8D4ACF8FB9A4} = {107964CF-9E9F-4BA5-9181-21BAC16A3F78}
		{6D560C40-987E-46BC-923F-E6D5E1F99987} = {4FBBC27D-E65D-40A0-B138-8D4ACF8FB9A4}
		{BB2C91B2-5F73-459D-B557-BE1048D0C797} = {4FBBC27D-E65D-40A0-B138-8D4ACF8FB9A4}
		{8CA4D50B-79A9-4B4E-873B-F7423B206258} = {E3178ABE-D8C4-46B7-ADB5-40006123D351}
		{1BBA6F7E-103D-49F7-ABDC-FA5D040926D9} = {8CA4D50B-79A9-4B4E-873B-F7423B206258}
		{D74CEAAF-4ADE-4963-BC42-1D17B37660A8} = {1BBA6F7E-103D-49F7-ABDC-FA5D040926D9}
		{08B7F5FC-A69D-41BE-9E74-9D6EEEC70790} = {D74CEAAF-4ADE-4963-BC42-1D17B37660A8}
		{BE111B71-7EC5-4C74-A981-D9FF33299FB2} = {D74CEAAF-4ADE-4963-BC42-1D17B37660A8}
		{7FD2E8B1-280D-4145-8063-311A7993BC8E} = {EFD2F546-912B-4557-AD2D-1BB8601488E0}
		{0C74A8B9-5095-4628-92C4-498685786DA8} = {7FD2E8B1-280D-4145-8063-311A7993BC8E}
		{CE70EE9A-D8B0-481B-8FFB-CC699C18A485} = {7FD2E8B1-280D-4145-8063-311A7993BC8E}
	EndGlobalSection
EndGlobal
